
Microsoft Visual Studio Solution File, Format Version 12.00
# Visual Studio 15
VisualStudioVersion = 15.0.26124.0
MinimumVisualStudioVersion = 15.0.26124.0
Project("{FAE04EC0-301F-11D3-BF4B-00C04F79EFBC}") = "PaymentContext.Domain", "PaymentContext.Domain\PaymentContext.Domain.csproj", "{6710AF40-22DB-494D-A7EB-4BE971148A13}"
EndProject
Project("{FAE04EC0-301F-11D3-BF4B-00C04F79EFBC}") = "PaymentContext.Shared", "PaymentContext.Shared\PaymentContext.Shared.csproj", "{5FF0F16D-17B1-4767-BF62-F8E7DCAA3C53}"
EndProject
Project("{FAE04EC0-301F-11D3-BF4B-00C04F79EFBC}") = "PaymentContext.Tests", "PaymentContext.Tests\PaymentContext.Tests.csproj", "{0DE93F71-FEA4-4C7B-A777-E50A34E104E9}"
EndProject
Global
	GlobalSection(SolutionConfigurationPlatforms) = preSolution
		Debug|Any CPU = Debug|Any CPU
		Debug|x64 = Debug|x64
		Debug|x86 = Debug|x86
		Release|Any CPU = Release|Any CPU
		Release|x64 = Release|x64
		Release|x86 = Release|x86
	EndGlobalSection
	GlobalSection(SolutionProperties) = preSolution
		HideSolutionNode = FALSE
	EndGlobalSection
	GlobalSection(ProjectConfigurationPlatforms) = postSolution
		{6710AF40-22DB-494D-A7EB-4BE971148A13}.Debug|Any CPU.ActiveCfg = Debug|Any CPU
		{6710AF40-22DB-494D-A7EB-4BE971148A13}.Debug|Any CPU.Build.0 = Debug|Any CPU
		{6710AF40-22DB-494D-A7EB-4BE971148A13}.Debug|x64.ActiveCfg = Debug|Any CPU
		{6710AF40-22DB-494D-A7EB-4BE971148A13}.Debug|x64.Build.0 = Debug|Any CPU
		{6710AF40-22DB-494D-A7EB-4BE971148A13}.Debug|x86.ActiveCfg = Debug|Any CPU
		{6710AF40-22DB-494D-A7EB-4BE971148A13}.Debug|x86.Build.0 = Debug|Any CPU
		{6710AF40-22DB-494D-A7EB-4BE971148A13}.Release|Any CPU.ActiveCfg = Release|Any CPU
		{6710AF40-22DB-494D-A7EB-4BE971148A13}.Release|Any CPU.Build.0 = Release|Any CPU
		{6710AF40-22DB-494D-A7EB-4BE971148A13}.Release|x64.ActiveCfg = Release|Any CPU
		{6710AF40-22DB-494D-A7EB-4BE971148A13}.Release|x64.Build.0 = Release|Any CPU
		{6710AF40-22DB-494D-A7EB-4BE971148A13}.Release|x86.ActiveCfg = Release|Any CPU
		{6710AF40-22DB-494D-A7EB-4BE971148A13}.Release|x86.Build.0 = Release|Any CPU
		{5FF0F16D-17B1-4767-BF62-F8E7DCAA3C53}.Debug|Any CPU.ActiveCfg = Debug|Any CPU
		{5FF0F16D-17B1-4767-BF62-F8E7DCAA3C53}.Debug|Any CPU.Build.0 = Debug|Any CPU
		{5FF0F16D-17B1-4767-BF62-F8E7DCAA3C53}.Debug|x64.ActiveCfg = Debug|Any CPU
		{5FF0F16D-17B1-4767-BF62-F8E7DCAA3C53}.Debug|x64.Build.0 = Debug|Any CPU
		{5FF0F16D-17B1-4767-BF62-F8E7DCAA3C53}.Debug|x86.ActiveCfg = Debug|Any CPU
		{5FF0F16D-17B1-4767-BF62-F8E7DCAA3C53}.Debug|x86.Build.0 = Debug|Any CPU
		{5FF0F16D-17B1-4767-BF62-F8E7DCAA3C53}.Release|Any CPU.ActiveCfg = Release|Any CPU
		{5FF0F16D-17B1-4767-BF62-F8E7DCAA3C53}.Release|Any CPU.Build.0 = Release|Any CPU
		{5FF0F16D-17B1-4767-BF62-F8E7DCAA3C53}.Release|x64.ActiveCfg = Release|Any CPU
		{5FF0F16D-17B1-4767-BF62-F8E7DCAA3C53}.Release|x64.Build.0 = Release|Any CPU
		{5FF0F16D-17B1-4767-BF62-F8E7DCAA3C53}.Release|x86.ActiveCfg = Release|Any CPU
		{5FF0F16D-17B1-4767-BF62-F8E7DCAA3C53}.Release|x86.Build.0 = Release|Any CPU
		{0DE93F71-FEA4-4C7B-A777-E50A34E104E9}.Debug|Any CPU.ActiveCfg = Debug|Any CPU
		{0DE93F71-FEA4-4C7B-A777-E50A34E104E9}.Debug|Any CPU.Build.0 = Debug|Any CPU
		{0DE93F71-FEA4-4C7B-A777-E50A34E104E9}.Debug|x64.ActiveCfg = Debug|Any CPU
		{0DE93F71-FEA4-4C7B-A777-E50A34E104E9}.Debug|x64.Build.0 = Debug|Any CPU
		{0DE93F71-FEA4-4C7B-A777-E50A34E104E9}.Debug|x86.ActiveCfg = Debug|Any CPU
		{0DE93F71-FEA4-4C7B-A777-E50A34E104E9}.Debug|x86.Build.0 = Debug|Any CPU
		{0DE93F71-FEA4-4C7B-A777-E50A34E104E9}.Release|Any CPU.ActiveCfg = Release|Any CPU
		{0DE93F71-FEA4-4C7B-A777-E50A34E104E9}.Release|Any CPU.Build.0 = Release|Any CPU
		{0DE93F71-FEA4-4C7B-A777-E50A34E104E9}.Release|x64.ActiveCfg = Release|Any CPU
		{0DE93F71-FEA4-4C7B-A777-E50A34E104E9}.Release|x64.Build.0 = Release|Any CPU
		{0DE93F71-FEA4-4C7B-A777-E50A34E104E9}.Release|x86.ActiveCfg = Release|Any CPU
		{0DE93F71-FEA4-4C7B-A777-E50A34E104E9}.Release|x86.Build.0 = Release|Any CPU
	EndGlobalSection
EndGlobal
